
Microsoft Visual Studio Solution File, Format Version 12.00
# Visual Studio Version 17
VisualStudioVersion = 17.7.34024.191
MinimumVisualStudioVersion = 10.0.40219.1
Project("{2150E333-8FDC-42A3-9474-1A3956D46DE8}") = "Project_01", "Project_01", "{9FE3AF9F-46F7-46AD-B2C2-346D76135433}"
EndProject
Project("{FAE04EC0-301F-11D3-BF4B-00C04F79EFBC}") = "Project01UI", "Project01UI\Project01UI.csproj", "{B3EFA269-BCDD-4471-B334-5F16724276F5}"
EndProject
Global
	GlobalSection(SolutionConfigurationPlatforms) = preSolution
		Debug|Any CPU = Debug|Any CPU
		Release|Any CPU = Release|Any CPU
	EndGlobalSection
	GlobalSection(ProjectConfigurationPlatforms) = postSolution
		{B3EFA269-BCDD-4471-B334-5F16724276F5}.Debug|Any CPU.ActiveCfg = Debug|Any CPU
		{B3EFA269-BCDD-4471-B334-5F16724276F5}.Debug|Any CPU.Build.0 = Debug|Any CPU
		{B3EFA269-BCDD-4471-B334-5F16724276F5}.Release|Any CPU.ActiveCfg = Release|Any CPU
		{B3EFA269-BCDD-4471-B334-5F16724276F5}.Release|Any CPU.Build.0 = Release|Any CPU
	EndGlobalSection
	GlobalSection(SolutionProperties) = preSolution
		HideSolutionNode = FALSE
	EndGlobalSection
	GlobalSection(NestedProjects) = preSolution
		{B3EFA269-BCDD-4471-B334-5F16724276F5} = {9FE3AF9F-46F7-46AD-B2C2-346D76135433}
	EndGlobalSection
	GlobalSection(ExtensibilityGlobals) = postSolution
		SolutionGuid = {A7B0B9FB-3C2B-46D0-ABBE-AFDEE6A408E1}
	EndGlobalSection
EndGlobal
